
Microsoft Visual Studio Solution File, Format Version 12.00
Project("{FAE04EC0-301F-11D3-BF4B-00C04F79EFBC}") = "Hand2Note4.Api", "Hand2Note4.Api\Hand2Note4.Api.csproj", "{71F54C44-9C7B-4A13-B15B-02CC9920615F}"
EndProject
Project("{FAE04EC0-301F-11D3-BF4B-00C04F79EFBC}") = "Hand2Note4.Api.Tests", "Hand2Note4.Api.Tests\Hand2Note4.Api.Tests.csproj", "{89E66B1D-8AF5-4B06-ABA9-0F217084A0A1}"
EndProject
Global
	GlobalSection(SolutionConfigurationPlatforms) = preSolution
		Debug|Any CPU = Debug|Any CPU
		Release|Any CPU = Release|Any CPU
	EndGlobalSection
	GlobalSection(ProjectConfigurationPlatforms) = postSolution
		{71F54C44-9C7B-4A13-B15B-02CC9920615F}.Debug|Any CPU.ActiveCfg = Debug|Any CPU
		{71F54C44-9C7B-4A13-B15B-02CC9920615F}.Debug|Any CPU.Build.0 = Debug|Any CPU
		{71F54C44-9C7B-4A13-B15B-02CC9920615F}.Release|Any CPU.ActiveCfg = Release|Any CPU
		{71F54C44-9C7B-4A13-B15B-02CC9920615F}.Release|Any CPU.Build.0 = Release|Any CPU
		{89E66B1D-8AF5-4B06-ABA9-0F217084A0A1}.Debug|Any CPU.ActiveCfg = Debug|Any CPU
		{89E66B1D-8AF5-4B06-ABA9-0F217084A0A1}.Debug|Any CPU.Build.0 = Debug|Any CPU
		{89E66B1D-8AF5-4B06-ABA9-0F217084A0A1}.Release|Any CPU.ActiveCfg = Release|Any CPU
		{89E66B1D-8AF5-4B06-ABA9-0F217084A0A1}.Release|Any CPU.Build.0 = Release|Any CPU
	EndGlobalSection
EndGlobal
